
Microsoft Visual Studio Solution File, Format Version 12.00
# Visual Studio Version 16
VisualStudioVersion = 16.0.29613.14
MinimumVisualStudioVersion = 10.0.40219.1
Project("{FAE04EC0-301F-11D3-BF4B-00C04F79EFBC}") = "CircularGaugeDemoWPF", "CircularGaugeDemoWPF\CircularGaugeDemoWPF.csproj", "{4AF0278B-CEB2-477C-A3DC-0D5474757C4D}"
EndProject
Project("{FAE04EC0-301F-11D3-BF4B-00C04F79EFBC}") = "CircularGauge", "CircularGauge\CircularGauge.csproj", "{6EFD5895-177B-4BBB-AF52-29F4D53B3FBD}"
EndProject
Global
	GlobalSection(SolutionConfigurationPlatforms) = preSolution
		Debug|Any CPU = Debug|Any CPU
		Release|Any CPU = Release|Any CPU
	EndGlobalSection
	GlobalSection(ProjectConfigurationPlatforms) = postSolution
		{4AF0278B-CEB2-477C-A3DC-0D5474757C4D}.Debug|Any CPU.ActiveCfg = Debug|Any CPU
		{4AF0278B-CEB2-477C-A3DC-0D5474757C4D}.Debug|Any CPU.Build.0 = Debug|Any CPU
		{4AF0278B-CEB2-477C-A3DC-0D5474757C4D}.Release|Any CPU.ActiveCfg = Release|Any CPU
		{4AF0278B-CEB2-477C-A3DC-0D5474757C4D}.Release|Any CPU.Build.0 = Release|Any CPU
		{6EFD5895-177B-4BBB-AF52-29F4D53B3FBD}.Debug|Any CPU.ActiveCfg = Debug|Any CPU
		{6EFD5895-177B-4BBB-AF52-29F4D53B3FBD}.Debug|Any CPU.Build.0 = Debug|Any CPU
		{6EFD5895-177B-4BBB-AF52-29F4D53B3FBD}.Release|Any CPU.ActiveCfg = Release|Any CPU
		{6EFD5895-177B-4BBB-AF52-29F4D53B3FBD}.Release|Any CPU.Build.0 = Release|Any CPU
	EndGlobalSection
	GlobalSection(SolutionProperties) = preSolution
		HideSolutionNode = FALSE
	EndGlobalSection
	GlobalSection(ExtensibilityGlobals) = postSolution
		SolutionGuid = {254D95FB-F20C-48B6-9963-C954AC2B4B6A}
	EndGlobalSection
EndGlobal
